
Microsoft Visual Studio Solution File, Format Version 12.00
# Visual Studio Version 16
VisualStudioVersion = 16.0.29609.76
MinimumVisualStudioVersion = 10.0.40219.1
Project("{FAE04EC0-301F-11D3-BF4B-00C04F79EFBC}") = "EHShellMenuHandler", "EHShellMenuHandler\EHShellMenuHandler.csproj", "{A02A62FE-6564-4C95-AB1D-3CA3D10B499E}"
EndProject
Project("{FAE04EC0-301F-11D3-BF4B-00C04F79EFBC}") = "ErogeHelper", "ErogeHelper\ErogeHelper.csproj", "{5D03F122-577D-447F-8B7A-B04A5FD99EC9}"
EndProject
Project("{FAE04EC0-301F-11D3-BF4B-00C04F79EFBC}") = "ErogeHelperTests", "ErogeHelperTests\ErogeHelperTests.csproj", "{BE0C0B1A-FBC7-421E-BBBC-9510AF3AA335}"
EndProject
Project("{FAE04EC0-301F-11D3-BF4B-00C04F79EFBC}") = "EHInstaller", "EHInstaller\EHInstaller.csproj", "{42EDF9D3-2144-44B2-97A2-BAF9F46B0085}"
EndProject
Global
	GlobalSection(SolutionConfigurationPlatforms) = preSolution
		Debug|Any CPU = Debug|Any CPU
		Release|Any CPU = Release|Any CPU
	EndGlobalSection
	GlobalSection(ProjectConfigurationPlatforms) = postSolution
		{A02A62FE-6564-4C95-AB1D-3CA3D10B499E}.Debug|Any CPU.ActiveCfg = Debug|Any CPU
		{A02A62FE-6564-4C95-AB1D-3CA3D10B499E}.Debug|Any CPU.Build.0 = Debug|Any CPU
		{A02A62FE-6564-4C95-AB1D-3CA3D10B499E}.Release|Any CPU.ActiveCfg = Release|Any CPU
		{A02A62FE-6564-4C95-AB1D-3CA3D10B499E}.Release|Any CPU.Build.0 = Release|Any CPU
		{5D03F122-577D-447F-8B7A-B04A5FD99EC9}.Debug|Any CPU.ActiveCfg = Debug|Any CPU
		{5D03F122-577D-447F-8B7A-B04A5FD99EC9}.Debug|Any CPU.Build.0 = Debug|Any CPU
		{5D03F122-577D-447F-8B7A-B04A5FD99EC9}.Release|Any CPU.ActiveCfg = Release|Any CPU
		{5D03F122-577D-447F-8B7A-B04A5FD99EC9}.Release|Any CPU.Build.0 = Release|Any CPU
		{BE0C0B1A-FBC7-421E-BBBC-9510AF3AA335}.Debug|Any CPU.ActiveCfg = Debug|Any CPU
		{BE0C0B1A-FBC7-421E-BBBC-9510AF3AA335}.Debug|Any CPU.Build.0 = Debug|Any CPU
		{BE0C0B1A-FBC7-421E-BBBC-9510AF3AA335}.Release|Any CPU.ActiveCfg = Release|Any CPU
		{BE0C0B1A-FBC7-421E-BBBC-9510AF3AA335}.Release|Any CPU.Build.0 = Release|Any CPU
		{42EDF9D3-2144-44B2-97A2-BAF9F46B0085}.Debug|Any CPU.ActiveCfg = Debug|Any CPU
		{42EDF9D3-2144-44B2-97A2-BAF9F46B0085}.Debug|Any CPU.Build.0 = Debug|Any CPU
		{42EDF9D3-2144-44B2-97A2-BAF9F46B0085}.Release|Any CPU.ActiveCfg = Release|Any CPU
		{42EDF9D3-2144-44B2-97A2-BAF9F46B0085}.Release|Any CPU.Build.0 = Release|Any CPU
	EndGlobalSection
	GlobalSection(SolutionProperties) = preSolution
		HideSolutionNode = FALSE
	EndGlobalSection
	GlobalSection(ExtensibilityGlobals) = postSolution
		SolutionGuid = {6E871594-990C-4664-BB47-DD33E5E0F082}
	EndGlobalSection
EndGlobal
